
Microsoft Visual Studio Solution File, Format Version 12.00
# Visual Studio Version 16
VisualStudioVersion = 16.0.33529.622
MinimumVisualStudioVersion = 10.0.40219.1
Project("{FAE04EC0-301F-11D3-BF4B-00C04F79EFBC}") = "Football Model", "Football Model\Football Model.csproj", "{08B8779D-196B-4ED8-8532-E7F531BAC733}"
EndProject
Global
	GlobalSection(SolutionConfigurationPlatforms) = preSolution
		Debug|Any CPU = Debug|Any CPU
		Release|Any CPU = Release|Any CPU
	EndGlobalSection
	GlobalSection(ProjectConfigurationPlatforms) = postSolution
		{08B8779D-196B-4ED8-8532-E7F531BAC733}.Debug|Any CPU.ActiveCfg = Debug|Any CPU
		{08B8779D-196B-4ED8-8532-E7F531BAC733}.Debug|Any CPU.Build.0 = Debug|Any CPU
		{08B8779D-196B-4ED8-8532-E7F531BAC733}.Release|Any CPU.ActiveCfg = Release|Any CPU
		{08B8779D-196B-4ED8-8532-E7F531BAC733}.Release|Any CPU.Build.0 = Release|Any CPU
	EndGlobalSection
	GlobalSection(SolutionProperties) = preSolution
		HideSolutionNode = FALSE
	EndGlobalSection
	GlobalSection(ExtensibilityGlobals) = postSolution
		SolutionGuid = {8EEFD58B-2C79-4A11-9AD4-AA2ED6664889}
	EndGlobalSection
EndGlobal
